{
  "originHash" : "5a71ae5e4a781ef86552d2df1c03225221211ebc674717e46a6bdce6480c1e7c",
  "pins" : [
    {
      "identity" : "scrambledkeypad",
      "kind" : "remoteSourceControl",
      "location" : "https://github.com/deya-eldeen/ScrambledKeypad.git",
      "state" : {
        "branch" : "main",
        "revision" : "16ef7ee908c5cba0520d4cc13521558568b3e0cd"
      }
    }
  ],
  "version" : 3
}
